# This file is automatically @generated by Cargo.
# It is not intended for manual editing.
version = 3

[[package]]
name = "bitflags"
version = "1.2.1"
source = "registry+https://github.com/rust-lang/crates.io-index"
checksum = "cf1de2fe8c75bc145a2f577add951f8134889b4795d47466a54a5c846d691693"

[[package]]
name = "either"
version = "1.6.1"
source = "registry+https://github.com/rust-lang/crates.io-index"
checksum = "e78d4f1cc4ae33bbfc157ed5d5a5ef3bc29227303d595861deb238fcec4e9457"

[[package]]
name = "fslock"
version = "0.1.6"
source = "registry+https://github.com/rust-lang/crates.io-index"
checksum = "b14c83e47c73f7d62d907ae24a1a98e9132df3c33eb6c54fcf4bce0dbc41d5af"
dependencies = [
 "libc",
 "winapi",
]

[[package]]
name = "lazy_static"
version = "1.4.0"
source = "registry+https://github.com/rust-lang/crates.io-index"
checksum = "e2abad23fbc42b3700f2f279844dc832adb2b2eb069b2df918f455c4e18cc646"

[[package]]
name = "libc"
version = "0.2.92"
source = "registry+https://github.com/rust-lang/crates.io-index"
checksum = "56d855069fafbb9b344c0f962150cd2c1187975cb1c22c1522c240d8c4986714"

[[package]]
name = "rusty-ssr"
version = "0.1.0"
dependencies = [
 "rusty_v8",
]

[[package]]
name = "rusty_v8"
version = "0.21.0"
source = "registry+https://github.com/rust-lang/crates.io-index"
checksum = "44bcf83fc222cc6caf4404414eae397c910e2f1ee31f291024434ae5cc312918"
dependencies = [
 "bitflags",
 "fslock",
 "lazy_static",
 "libc",
 "which",
]

[[package]]
name = "which"
version = "4.1.0"
source = "registry+https://github.com/rust-lang/crates.io-index"
checksum = "b55551e42cbdf2ce2bedd2203d0cc08dba002c27510f86dab6d0ce304cba3dfe"
dependencies = [
 "either",
 "libc",
]

[[package]]
name = "winapi"
version = "0.3.9"
source = "registry+https://github.com/rust-lang/crates.io-index"
checksum = "5c839a674fcd7a98952e593242ea400abe93992746761e38641405d28b00f419"
dependencies = [
 "winapi-i686-pc-windows-gnu",
 "winapi-x86_64-pc-windows-gnu",
]

[[package]]
name = "winapi-i686-pc-windows-gnu"
version = "0.4.0"
source = "registry+https://github.com/rust-lang/crates.io-index"
checksum = "ac3b87c63620426dd9b991e5ce0329eff545bccbbb34f3be09ff6fb6ab51b7b6"

[[package]]
name = "winapi-x86_64-pc-windows-gnu"
version = "0.4.0"
source = "registry+https://github.com/rust-lang/crates.io-index"
checksum = "712e227841d057c1ee1cd2fb22fa7e5a5461ae8e48fa2ca79ec42cfc1931183f"
